
Microsoft Visual Studio Solution File, Format Version 12.00
# Visual Studio Version 17
VisualStudioVersion = 17.0.31903.59
MinimumVisualStudioVersion = 10.0.40219.1
Project("{FAE04EC0-301F-11D3-BF4B-00C04F79EFBC}") = "ErpGovernance.Domain", "ErpGovernance.Domain\ErpGovernance.Domain.csproj", "{3978FBA4-A1ED-460B-AED0-2D6BFF42CECD}"
EndProject
Project("{FAE04EC0-301F-11D3-BF4B-00C04F79EFBC}") = "ErpGovernance.Application", "ErpGovernance.Application\ErpGovernance.Application.csproj", "{93F3420A-F7E6-4B16-BF2A-EF59607F9C39}"
EndProject
Project("{FAE04EC0-301F-11D3-BF4B-00C04F79EFBC}") = "ErpGovernance.Infrastructure", "ErpGovernance.Infrastructure\ErpGovernance.Infrastructure.csproj", "{D9898A8C-CAA8-40E2-A624-6B47AA95258A}"
EndProject
Project("{FAE04EC0-301F-11D3-BF4B-00C04F79EFBC}") = "ErpGovernance.Web", "ErpGovernance.Web\ErpGovernance.Web.csproj", "{24E98059-105F-4CD2-A67C-7FFC6D9AA314}"
EndProject
Global
	GlobalSection(SolutionConfigurationPlatforms) = preSolution
		Debug|Any CPU = Debug|Any CPU
		Release|Any CPU = Release|Any CPU
	EndGlobalSection
	GlobalSection(SolutionProperties) = preSolution
		HideSolutionNode = FALSE
	EndGlobalSection
	GlobalSection(ProjectConfigurationPlatforms) = postSolution
		{3978FBA4-A1ED-460B-AED0-2D6BFF42CECD}.Debug|Any CPU.ActiveCfg = Debug|Any CPU
		{3978FBA4-A1ED-460B-AED0-2D6BFF42CECD}.Debug|Any CPU.Build.0 = Debug|Any CPU
		{3978FBA4-A1ED-460B-AED0-2D6BFF42CECD}.Release|Any CPU.ActiveCfg = Release|Any CPU
		{3978FBA4-A1ED-460B-AED0-2D6BFF42CECD}.Release|Any CPU.Build.0 = Release|Any CPU
		{93F3420A-F7E6-4B16-BF2A-EF59607F9C39}.Debug|Any CPU.ActiveCfg = Debug|Any CPU
		{93F3420A-F7E6-4B16-BF2A-EF59607F9C39}.Debug|Any CPU.Build.0 = Debug|Any CPU
		{93F3420A-F7E6-4B16-BF2A-EF59607F9C39}.Release|Any CPU.ActiveCfg = Release|Any CPU
		{93F3420A-F7E6-4B16-BF2A-EF59607F9C39}.Release|Any CPU.Build.0 = Release|Any CPU
		{D9898A8C-CAA8-40E2-A624-6B47AA95258A}.Debug|Any CPU.ActiveCfg = Debug|Any CPU
		{D9898A8C-CAA8-40E2-A624-6B47AA95258A}.Debug|Any CPU.Build.0 = Debug|Any CPU
		{D9898A8C-CAA8-40E2-A624-6B47AA95258A}.Release|Any CPU.ActiveCfg = Release|Any CPU
		{D9898A8C-CAA8-40E2-A624-6B47AA95258A}.Release|Any CPU.Build.0 = Release|Any CPU
		{24E98059-105F-4CD2-A67C-7FFC6D9AA314}.Debug|Any CPU.ActiveCfg = Debug|Any CPU
		{24E98059-105F-4CD2-A67C-7FFC6D9AA314}.Debug|Any CPU.Build.0 = Debug|Any CPU
		{24E98059-105F-4CD2-A67C-7FFC6D9AA314}.Release|Any CPU.ActiveCfg = Release|Any CPU
		{24E98059-105F-4CD2-A67C-7FFC6D9AA314}.Release|Any CPU.Build.0 = Release|Any CPU
	EndGlobalSection
EndGlobal
